<?xml version="1.0" encoding="utf-8"?>
<Project ToolsVersion="4.0" xmlns="http://schemas.microsoft.com/developer/msbuild/2003">
  <ItemGroup>
    <Filter Include="Source Files">
      <UniqueIdentifier>{4FC737F1-C7A5-4376-A066-2A32D752A2FF}</UniqueIdentifier>
      <Extensions>cpp;c;cc;cxx;c++;cppm;ixx;def;odl;idl;hpj;bat;asm;asmx</Extensions>
    </Filter>
    <Filter Include="Header Files">
      <UniqueIdentifier>{93995380-89BD-4b04-88EB-625FBE52EBFB}</UniqueIdentifier>
      <Extensions>h;hh;hpp;hxx;h++;hm;inl;inc;ipp;xsd</Extensions>
    </Filter>
    <Filter Include="Resource Files">
      <UniqueIdentifier>{67DA6AB6-F800-4c08-8B7A-83BB121AAD01}</UniqueIdentifier>
      <Extensions>rc;ico;cur;bmp;dlg;rc2;rct;bin;rgs;gif;jpg;jpeg;jpe;resx;tiff;tif;png;wav;mfcribbon-ms</Extensions>
    </Filter>
  </ItemGroup>
  <ItemGroup>
    <ClCompile Include="Project2.cpp">
      <Filter>Source Files</Filter>
    </ClCompile>
    <ClCompile Include="demo_c0.cpp">
      <Filter>Source Files</Filter>
    </ClCompile>
    <ClCompile Include="demo_c1.cpp">
      <Filter>Source Files</Filter>
    </ClCompile>
    <ClCompile Include="demo_c10.cpp">
      <Filter>Source Files</Filter>
    </ClCompile>
    <ClCompile Include="demo_c100.cpp">
      <Filter>Source Files</Filter>
    </ClCompile>
    <ClCompile Include="demo_c101.cpp">
      <Filter>Source Files</Filter>
    </ClCompile>
    <ClCompile Include="demo_c102.cpp">
      <Filter>Source Files</Filter>
    </ClCompile>
    <ClCompile Include="demo_c103.cpp">
      <Filter>Source Files</Filter>
    </ClCompile>
    <ClCompile Include="demo_c104.cpp">
      <Filter>Source Files</Filter>
    </ClCompile>
    <ClCompile Include="demo_c105.cpp">
      <Filter>Source Files</Filter>
    </ClCompile>
    <ClCompile Include="demo_c106.cpp">
      <Filter>Source Files</Filter>
    </ClCompile>
    <ClCompile Include="demo_c107.cpp">
      <Filter>Source Files</Filter>
    </ClCompile>
    <ClCompile Include="demo_c108.cpp">
      <Filter>Source Files</Filter>
    </ClCompile>
    <ClCompile Include="demo_c109.cpp">
      <Filter>Source Files</Filter>
    </ClCompile>
    <ClCompile Include="demo_c11.cpp">
      <Filter>Source Files</Filter>
    </ClCompile>
    <ClCompile Include="demo_c110.cpp">
      <Filter>Source Files</Filter>
    </ClCompile>
    <ClCompile Include="demo_c111.cpp">
      <Filter>Source Files</Filter>
    </ClCompile>
    <ClCompile Include="demo_c112.cpp">
      <Filter>Source Files</Filter>
    </ClCompile>
    <ClCompile Include="demo_c113.cpp">
      <Filter>Source Files</Filter>
    </ClCompile>
    <ClCompile Include="demo_c114.cpp">
      <Filter>Source Files</Filter>
    </ClCompile>
    <ClCompile Include="demo_c115.cpp">
      <Filter>Source Files</Filter>
    </ClCompile>
    <ClCompile Include="demo_c116.cpp">
      <Filter>Source Files</Filter>
    </ClCompile>
    <ClCompile Include="demo_c117.cpp">
      <Filter>Source Files</Filter>
    </ClCompile>
    <ClCompile Include="demo_c118.cpp">
      <Filter>Source Files</Filter>
    </ClCompile>
    <ClCompile Include="demo_c119.cpp">
      <Filter>Source Files</Filter>
    </ClCompile>
    <ClCompile Include="demo_c12.cpp">
      <Filter>Source Files</Filter>
    </ClCompile>
    <ClCompile Include="demo_c120.cpp">
      <Filter>Source Files</Filter>
    </ClCompile>
    <ClCompile Include="demo_c121.cpp">
      <Filter>Source Files</Filter>
    </ClCompile>
    <ClCompile Include="demo_c122.cpp">
      <Filter>Source Files</Filter>
    </ClCompile>
    <ClCompile Include="demo_c123.cpp">
      <Filter>Source Files</Filter>
    </ClCompile>
    <ClCompile Include="demo_c124.cpp">
      <Filter>Source Files</Filter>
    </ClCompile>
    <ClCompile Include="demo_c125.cpp">
      <Filter>Source Files</Filter>
    </ClCompile>
    <ClCompile Include="demo_c126.cpp">
      <Filter>Source Files</Filter>
    </ClCompile>
    <ClCompile Include="demo_c127.cpp">
      <Filter>Source Files</Filter>
    </ClCompile>
    <ClCompile Include="demo_c128.cpp">
      <Filter>Source Files</Filter>
    </ClCompile>
    <ClCompile Include="demo_c129.cpp">
      <Filter>Source Files</Filter>
    </ClCompile>
    <ClCompile Include="demo_c13.cpp">
      <Filter>Source Files</Filter>
    </ClCompile>
    <ClCompile Include="demo_c130.cpp">
      <Filter>Source Files</Filter>
    </ClCompile>
    <ClCompile Include="demo_c131.cpp">
      <Filter>Source Files</Filter>
    </ClCompile>
    <ClCompile Include="demo_c132.cpp">
      <Filter>Source Files</Filter>
    </ClCompile>
    <ClCompile Include="demo_c133.cpp">
      <Filter>Source Files</Filter>
    </ClCompile>
    <ClCompile Include="demo_c134.cpp">
      <Filter>Source Files</Filter>
    </ClCompile>
    <ClCompile Include="demo_c135.cpp">
      <Filter>Source Files</Filter>
    </ClCompile>
    <ClCompile Include="demo_c136.cpp">
      <Filter>Source Files</Filter>
    </ClCompile>
    <ClCompile Include="demo_c137.cpp">
      <Filter>Source Files</Filter>
    </ClCompile>
    <ClCompile Include="demo_c138.cpp">
      <Filter>Source Files</Filter>
    </ClCompile>
    <ClCompile Include="demo_c139.cpp">
      <Filter>Source Files</Filter>
    </ClCompile>
    <ClCompile Include="demo_c14.cpp">
      <Filter>Source Files</Filter>
    </ClCompile>
    <ClCompile Include="demo_c140.cpp">
      <Filter>Source Files</Filter>
    </ClCompile>
    <ClCompile Include="demo_c141.cpp">
      <Filter>Source Files</Filter>
    </ClCompile>
    <ClCompile Include="demo_c142.cpp">
      <Filter>Source Files</Filter>
    </ClCompile>
    <ClCompile Include="demo_c143.cpp">
      <Filter>Source Files</Filter>
    </ClCompile>
    <ClCompile Include="demo_c144.cpp">
      <Filter>Source Files</Filter>
    </ClCompile>
    <ClCompile Include="demo_c145.cpp">
      <Filter>Source Files</Filter>
    </ClCompile>
    <ClCompile Include="demo_c146.cpp">
      <Filter>Source Files</Filter>
    </ClCompile>
    <ClCompile Include="demo_c147.cpp">
      <Filter>Source Files</Filter>
    </ClCompile>
    <ClCompile Include="demo_c148.cpp">
      <Filter>Source Files</Filter>
    </ClCompile>
    <ClCompile Include="demo_c149.cpp">
      <Filter>Source Files</Filter>
    </ClCompile>
    <ClCompile Include="demo_c15.cpp">
      <Filter>Source Files</Filter>
    </ClCompile>
    <ClCompile Include="demo_c150.cpp">
      <Filter>Source Files</Filter>
    </ClCompile>
    <ClCompile Include="demo_c151.cpp">
      <Filter>Source Files</Filter>
    </ClCompile>
    <ClCompile Include="demo_c152.cpp">
      <Filter>Source Files</Filter>
    </ClCompile>
    <ClCompile Include="demo_c153.cpp">
      <Filter>Source Files</Filter>
    </ClCompile>
    <ClCompile Include="demo_c154.cpp">
      <Filter>Source Files</Filter>
    </ClCompile>
    <ClCompile Include="demo_c155.cpp">
      <Filter>Source Files</Filter>
    </ClCompile>
    <ClCompile Include="demo_c156.cpp">
      <Filter>Source Files</Filter>
    </ClCompile>
    <ClCompile Include="demo_c157.cpp">
      <Filter>Source Files</Filter>
    </ClCompile>
    <ClCompile Include="demo_c158.cpp">
      <Filter>Source Files</Filter>
    </ClCompile>
    <ClCompile Include="demo_c159.cpp">
      <Filter>Source Files</Filter>
    </ClCompile>
    <ClCompile Include="demo_c16.cpp">
      <Filter>Source Files</Filter>
    </ClCompile>
    <ClCompile Include="demo_c160.cpp">
      <Filter>Source Files</Filter>
    </ClCompile>
    <ClCompile Include="demo_c161.cpp">
      <Filter>Source Files</Filter>
    </ClCompile>
    <ClCompile Include="demo_c162.cpp">
      <Filter>Source Files</Filter>
    </ClCompile>
    <ClCompile Include="demo_c163.cpp">
      <Filter>Source Files</Filter>
    </ClCompile>
    <ClCompile Include="demo_c164.cpp">
      <Filter>Source Files</Filter>
    </ClCompile>
    <ClCompile Include="demo_c165.cpp">
      <Filter>Source Files</Filter>
    </ClCompile>
    <ClCompile Include="demo_c166.cpp">
      <Filter>Source Files</Filter>
    </ClCompile>
    <ClCompile Include="demo_c167.cpp">
      <Filter>Source Files</Filter>
    </ClCompile>
    <ClCompile Include="demo_c168.cpp">
      <Filter>Source Files</Filter>
    </ClCompile>
    <ClCompile Include="demo_c169.cpp">
      <Filter>Source Files</Filter>
    </ClCompile>
    <ClCompile Include="demo_c17.cpp">
      <Filter>Source Files</Filter>
    </ClCompile>
    <ClCompile Include="demo_c170.cpp">
      <Filter>Source Files</Filter>
    </ClCompile>
    <ClCompile Include="demo_c171.cpp">
      <Filter>Source Files</Filter>
    </ClCompile>
    <ClCompile Include="demo_c172.cpp">
      <Filter>Source Files</Filter>
    </ClCompile>
    <ClCompile Include="demo_c173.cpp">
      <Filter>Source Files</Filter>
    </ClCompile>
    <ClCompile Include="demo_c174.cpp">
      <Filter>Source Files</Filter>
    </ClCompile>
    <ClCompile Include="demo_c175.cpp">
      <Filter>Source Files</Filter>
    </ClCompile>
    <ClCompile Include="demo_c176.cpp">
      <Filter>Source Files</Filter>
    </ClCompile>
    <ClCompile Include="demo_c177.cpp">
      <Filter>Source Files</Filter>
    </ClCompile>
    <ClCompile Include="demo_c178.cpp">
      <Filter>Source Files</Filter>
    </ClCompile>
    <ClCompile Include="demo_c179.cpp">
      <Filter>Source Files</Filter>
    </ClCompile>
    <ClCompile Include="demo_c18.cpp">
      <Filter>Source Files</Filter>
    </ClCompile>
    <ClCompile Include="demo_c180.cpp">
      <Filter>Source Files</Filter>
    </ClCompile>
    <ClCompile Include="demo_c181.cpp">
      <Filter>Source Files</Filter>
    </ClCompile>
    <ClCompile Include="demo_c182.cpp">
      <Filter>Source Files</Filter>
    </ClCompile>
    <ClCompile Include="demo_c183.cpp">
      <Filter>Source Files</Filter>
    </ClCompile>
    <ClCompile Include="demo_c184.cpp">
      <Filter>Source Files</Filter>
    </ClCompile>
    <ClCompile Include="demo_c185.cpp">
      <Filter>Source Files</Filter>
    </ClCompile>
    <ClCompile Include="demo_c186.cpp">
      <Filter>Source Files</Filter>
    </ClCompile>
    <ClCompile Include="demo_c187.cpp">
      <Filter>Source Files</Filter>
    </ClCompile>
    <ClCompile Include="demo_c188.cpp">
      <Filter>Source Files</Filter>
    </ClCompile>
    <ClCompile Include="demo_c189.cpp">
      <Filter>Source Files</Filter>
    </ClCompile>
    <ClCompile Include="demo_c19.cpp">
      <Filter>Source Files</Filter>
    </ClCompile>
    <ClCompile Include="demo_c190.cpp">
      <Filter>Source Files</Filter>
    </ClCompile>
    <ClCompile Include="demo_c191.cpp">
      <Filter>Source Files</Filter>
    </ClCompile>
    <ClCompile Include="demo_c192.cpp">
      <Filter>Source Files</Filter>
    </ClCompile>
    <ClCompile Include="demo_c193.cpp">
      <Filter>Source Files</Filter>
    </ClCompile>
    <ClCompile Include="demo_c194.cpp">
      <Filter>Source Files</Filter>
    </ClCompile>
    <ClCompile Include="demo_c195.cpp">
      <Filter>Source Files</Filter>
    </ClCompile>
    <ClCompile Include="demo_c196.cpp">
      <Filter>Source Files</Filter>
    </ClCompile>
    <ClCompile Include="demo_c197.cpp">
      <Filter>Source Files</Filter>
    </ClCompile>
    <ClCompile Include="demo_c198.cpp">
      <Filter>Source Files</Filter>
    </ClCompile>
    <ClCompile Include="demo_c199.cpp">
      <Filter>Source Files</Filter>
    </ClCompile>
    <ClCompile Include="demo_c2.cpp">
      <Filter>Source Files</Filter>
    </ClCompile>
    <ClCompile Include="demo_c20.cpp">
      <Filter>Source Files</Filter>
    </ClCompile>
    <ClCompile Include="demo_c200.cpp">
      <Filter>Source Files</Filter>
    </ClCompile>
    <ClCompile Include="demo_c201.cpp">
      <Filter>Source Files</Filter>
    </ClCompile>
    <ClCompile Include="demo_c202.cpp">
      <Filter>Source Files</Filter>
    </ClCompile>
    <ClCompile Include="demo_c203.cpp">
      <Filter>Source Files</Filter>
    </ClCompile>
    <ClCompile Include="demo_c204.cpp">
      <Filter>Source Files</Filter>
    </ClCompile>
    <ClCompile Include="demo_c205.cpp">
      <Filter>Source Files</Filter>
    </ClCompile>
    <ClCompile Include="demo_c206.cpp">
      <Filter>Source Files</Filter>
    </ClCompile>
    <ClCompile Include="demo_c207.cpp">
      <Filter>Source Files</Filter>
    </ClCompile>
    <ClCompile Include="demo_c208.cpp">
      <Filter>Source Files</Filter>
    </ClCompile>
    <ClCompile Include="demo_c209.cpp">
      <Filter>Source Files</Filter>
    </ClCompile>
    <ClCompile Include="demo_c21.cpp">
      <Filter>Source Files</Filter>
    </ClCompile>
    <ClCompile Include="demo_c210.cpp">
      <Filter>Source Files</Filter>
    </ClCompile>
    <ClCompile Include="demo_c211.cpp">
      <Filter>Source Files</Filter>
    </ClCompile>
    <ClCompile Include="demo_c212.cpp">
      <Filter>Source Files</Filter>
    </ClCompile>
    <ClCompile Include="demo_c213.cpp">
      <Filter>Source Files</Filter>
    </ClCompile>
    <ClCompile Include="demo_c214.cpp">
      <Filter>Source Files</Filter>
    </ClCompile>
    <ClCompile Include="demo_c215.cpp">
      <Filter>Source Files</Filter>
    </ClCompile>
    <ClCompile Include="demo_c216.cpp">
      <Filter>Source Files</Filter>
    </ClCompile>
    <ClCompile Include="demo_c217.cpp">
      <Filter>Source Files</Filter>
    </ClCompile>
    <ClCompile Include="demo_c218.cpp">
      <Filter>Source Files</Filter>
    </ClCompile>
    <ClCompile Include="demo_c219.cpp">
      <Filter>Source Files</Filter>
    </ClCompile>
    <ClCompile Include="demo_c22.cpp">
      <Filter>Source Files</Filter>
    </ClCompile>
    <ClCompile Include="demo_c220.cpp">
      <Filter>Source Files</Filter>
    </ClCompile>
    <ClCompile Include="demo_c221.cpp">
      <Filter>Source Files</Filter>
    </ClCompile>
    <ClCompile Include="demo_c222.cpp">
      <Filter>Source Files</Filter>
    </ClCompile>
    <ClCompile Include="demo_c223.cpp">
      <Filter>Source Files</Filter>
    </ClCompile>
    <ClCompile Include="demo_c224.cpp">
      <Filter>Source Files</Filter>
    </ClCompile>
    <ClCompile Include="demo_c225.cpp">
      <Filter>Source Files</Filter>
    </ClCompile>
    <ClCompile Include="demo_c226.cpp">
      <Filter>Source Files</Filter>
    </ClCompile>
    <ClCompile Include="demo_c227.cpp">
      <Filter>Source Files</Filter>
    </ClCompile>
    <ClCompile Include="demo_c228.cpp">
      <Filter>Source Files</Filter>
    </ClCompile>
    <ClCompile Include="demo_c229.cpp">
      <Filter>Source Files</Filter>
    </ClCompile>
    <ClCompile Include="demo_c23.cpp">
      <Filter>Source Files</Filter>
    </ClCompile>
    <ClCompile Include="demo_c230.cpp">
      <Filter>Source Files</Filter>
    </ClCompile>
    <ClCompile Include="demo_c231.cpp">
      <Filter>Source Files</Filter>
    </ClCompile>
    <ClCompile Include="demo_c232.cpp">
      <Filter>Source Files</Filter>
    </ClCompile>
    <ClCompile Include="demo_c233.cpp">
      <Filter>Source Files</Filter>
    </ClCompile>
    <ClCompile Include="demo_c234.cpp">
      <Filter>Source Files</Filter>
    </ClCompile>
    <ClCompile Include="demo_c235.cpp">
      <Filter>Source Files</Filter>
    </ClCompile>
    <ClCompile Include="demo_c236.cpp">
      <Filter>Source Files</Filter>
    </ClCompile>
    <ClCompile Include="demo_c237.cpp">
      <Filter>Source Files</Filter>
    </ClCompile>
    <ClCompile Include="demo_c238.cpp">
      <Filter>Source Files</Filter>
    </ClCompile>
    <ClCompile Include="demo_c239.cpp">
      <Filter>Source Files</Filter>
    </ClCompile>
    <ClCompile Include="demo_c24.cpp">
      <Filter>Source Files</Filter>
    </ClCompile>
    <ClCompile Include="demo_c240.cpp">
      <Filter>Source Files</Filter>
    </ClCompile>
    <ClCompile Include="demo_c241.cpp">
      <Filter>Source Files</Filter>
    </ClCompile>
    <ClCompile Include="demo_c242.cpp">
      <Filter>Source Files</Filter>
    </ClCompile>
    <ClCompile Include="demo_c243.cpp">
      <Filter>Source Files</Filter>
    </ClCompile>
    <ClCompile Include="demo_c244.cpp">
      <Filter>Source Files</Filter>
    </ClCompile>
    <ClCompile Include="demo_c245.cpp">
      <Filter>Source Files</Filter>
    </ClCompile>
    <ClCompile Include="demo_c246.cpp">
      <Filter>Source Files</Filter>
    </ClCompile>
    <ClCompile Include="demo_c247.cpp">
      <Filter>Source Files</Filter>
    </ClCompile>
    <ClCompile Include="demo_c248.cpp">
      <Filter>Source Files</Filter>
    </ClCompile>
    <ClCompile Include="demo_c249.cpp">
      <Filter>Source Files</Filter>
    </ClCompile>
    <ClCompile Include="demo_c25.cpp">
      <Filter>Source Files</Filter>
    </ClCompile>
    <ClCompile Include="demo_c250.cpp">
      <Filter>Source Files</Filter>
    </ClCompile>
    <ClCompile Include="demo_c251.cpp">
      <Filter>Source Files</Filter>
    </ClCompile>
    <ClCompile Include="demo_c252.cpp">
      <Filter>Source Files</Filter>
    </ClCompile>
    <ClCompile Include="demo_c253.cpp">
      <Filter>Source Files</Filter>
    </ClCompile>
    <ClCompile Include="demo_c254.cpp">
      <Filter>Source Files</Filter>
    </ClCompile>
    <ClCompile Include="demo_c255.cpp">
      <Filter>Source Files</Filter>
    </ClCompile>
    <ClCompile Include="demo_c256.cpp">
      <Filter>Source Files</Filter>
    </ClCompile>
    <ClCompile Include="demo_c257.cpp">
      <Filter>Source Files</Filter>
    </ClCompile>
    <ClCompile Include="demo_c258.cpp">
      <Filter>Source Files</Filter>
    </ClCompile>
    <ClCompile Include="demo_c259.cpp">
      <Filter>Source Files</Filter>
    </ClCompile>
    <ClCompile Include="demo_c26.cpp">
      <Filter>Source Files</Filter>
    </ClCompile>
    <ClCompile Include="demo_c260.cpp">
      <Filter>Source Files</Filter>
    </ClCompile>
    <ClCompile Include="demo_c261.cpp">
      <Filter>Source Files</Filter>
    </ClCompile>
    <ClCompile Include="demo_c262.cpp">
      <Filter>Source Files</Filter>
    </ClCompile>
    <ClCompile Include="demo_c263.cpp">
      <Filter>Source Files</Filter>
    </ClCompile>
    <ClCompile Include="demo_c264.cpp">
      <Filter>Source Files</Filter>
    </ClCompile>
    <ClCompile Include="demo_c265.cpp">
      <Filter>Source Files</Filter>
    </ClCompile>
    <ClCompile Include="demo_c266.cpp">
      <Filter>Source Files</Filter>
    </ClCompile>
    <ClCompile Include="demo_c267.cpp">
      <Filter>Source Files</Filter>
    </ClCompile>
    <ClCompile Include="demo_c268.cpp">
      <Filter>Source Files</Filter>
    </ClCompile>
    <ClCompile Include="demo_c269.cpp">
      <Filter>Source Files</Filter>
    </ClCompile>
    <ClCompile Include="demo_c27.cpp">
      <Filter>Source Files</Filter>
    </ClCompile>
    <ClCompile Include="demo_c270.cpp">
      <Filter>Source Files</Filter>
    </ClCompile>
    <ClCompile Include="demo_c271.cpp">
      <Filter>Source Files</Filter>
    </ClCompile>
    <ClCompile Include="demo_c272.cpp">
      <Filter>Source Files</Filter>
    </ClCompile>
    <ClCompile Include="demo_c273.cpp">
      <Filter>Source Files</Filter>
    </ClCompile>
    <ClCompile Include="demo_c274.cpp">
      <Filter>Source Files</Filter>
    </ClCompile>
    <ClCompile Include="demo_c275.cpp">
      <Filter>Source Files</Filter>
    </ClCompile>
    <ClCompile Include="demo_c276.cpp">
      <Filter>Source Files</Filter>
    </ClCompile>
    <ClCompile Include="demo_c277.cpp">
      <Filter>Source Files</Filter>
    </ClCompile>
    <ClCompile Include="demo_c278.cpp">
      <Filter>Source Files</Filter>
    </ClCompile>
    <ClCompile Include="demo_c279.cpp">
      <Filter>Source Files</Filter>
    </ClCompile>
    <ClCompile Include="demo_c28.cpp">
      <Filter>Source Files</Filter>
    </ClCompile>
    <ClCompile Include="demo_c280.cpp">
      <Filter>Source Files</Filter>
    </ClCompile>
    <ClCompile Include="demo_c281.cpp">
      <Filter>Source Files</Filter>
    </ClCompile>
    <ClCompile Include="demo_c282.cpp">
      <Filter>Source Files</Filter>
    </ClCompile>
    <ClCompile Include="demo_c283.cpp">
      <Filter>Source Files</Filter>
    </ClCompile>
    <ClCompile Include="demo_c284.cpp">
      <Filter>Source Files</Filter>
    </ClCompile>
    <ClCompile Include="demo_c285.cpp">
      <Filter>Source Files</Filter>
    </ClCompile>
    <ClCompile Include="demo_c286.cpp">
      <Filter>Source Files</Filter>
    </ClCompile>
    <ClCompile Include="demo_c287.cpp">
      <Filter>Source Files</Filter>
    </ClCompile>
    <ClCompile Include="demo_c288.cpp">
      <Filter>Source Files</Filter>
    </ClCompile>
    <ClCompile Include="demo_c289.cpp">
      <Filter>Source Files</Filter>
    </ClCompile>
    <ClCompile Include="demo_c29.cpp">
      <Filter>Source Files</Filter>
    </ClCompile>
    <ClCompile Include="demo_c290.cpp">
      <Filter>Source Files</Filter>
    </ClCompile>
    <ClCompile Include="demo_c291.cpp">
      <Filter>Source Files</Filter>
    </ClCompile>
    <ClCompile Include="demo_c292.cpp">
      <Filter>Source Files</Filter>
    </ClCompile>
    <ClCompile Include="demo_c293.cpp">
      <Filter>Source Files</Filter>
    </ClCompile>
    <ClCompile Include="demo_c294.cpp">
      <Filter>Source Files</Filter>
    </ClCompile>
    <ClCompile Include="demo_c295.cpp">
      <Filter>Source Files</Filter>
    </ClCompile>
    <ClCompile Include="demo_c296.cpp">
      <Filter>Source Files</Filter>
    </ClCompile>
    <ClCompile Include="demo_c297.cpp">
      <Filter>Source Files</Filter>
    </ClCompile>
    <ClCompile Include="demo_c298.cpp">
      <Filter>Source Files</Filter>
    </ClCompile>
    <ClCompile Include="demo_c299.cpp">
      <Filter>Source Files</Filter>
    </ClCompile>
    <ClCompile Include="demo_c3.cpp">
      <Filter>Source Files</Filter>
    </ClCompile>
    <ClCompile Include="demo_c30.cpp">
      <Filter>Source Files</Filter>
    </ClCompile>
    <ClCompile Include="demo_c300.cpp">
      <Filter>Source Files</Filter>
    </ClCompile>
    <ClCompile Include="demo_c301.cpp">
      <Filter>Source Files</Filter>
    </ClCompile>
    <ClCompile Include="demo_c302.cpp">
      <Filter>Source Files</Filter>
    </ClCompile>
    <ClCompile Include="demo_c303.cpp">
      <Filter>Source Files</Filter>
    </ClCompile>
    <ClCompile Include="demo_c304.cpp">
      <Filter>Source Files</Filter>
    </ClCompile>
    <ClCompile Include="demo_c305.cpp">
      <Filter>Source Files</Filter>
    </ClCompile>
    <ClCompile Include="demo_c306.cpp">
      <Filter>Source Files</Filter>
    </ClCompile>
    <ClCompile Include="demo_c307.cpp">
      <Filter>Source Files</Filter>
    </ClCompile>
    <ClCompile Include="demo_c308.cpp">
      <Filter>Source Files</Filter>
    </ClCompile>
    <ClCompile Include="demo_c309.cpp">
      <Filter>Source Files</Filter>
    </ClCompile>
    <ClCompile Include="demo_c31.cpp">
      <Filter>Source Files</Filter>
    </ClCompile>
    <ClCompile Include="demo_c310.cpp">
      <Filter>Source Files</Filter>
    </ClCompile>
    <ClCompile Include="demo_c311.cpp">
      <Filter>Source Files</Filter>
    </ClCompile>
    <ClCompile Include="demo_c312.cpp">
      <Filter>Source Files</Filter>
    </ClCompile>
    <ClCompile Include="demo_c313.cpp">
      <Filter>Source Files</Filter>
    </ClCompile>
    <ClCompile Include="demo_c314.cpp">
      <Filter>Source Files</Filter>
    </ClCompile>
    <ClCompile Include="demo_c315.cpp">
      <Filter>Source Files</Filter>
    </ClCompile>
    <ClCompile Include="demo_c316.cpp">
      <Filter>Source Files</Filter>
    </ClCompile>
    <ClCompile Include="demo_c317.cpp">
      <Filter>Source Files</Filter>
    </ClCompile>
    <ClCompile Include="demo_c318.cpp">
      <Filter>Source Files</Filter>
    </ClCompile>
    <ClCompile Include="demo_c319.cpp">
      <Filter>Source Files</Filter>
    </ClCompile>
    <ClCompile Include="demo_c32.cpp">
      <Filter>Source Files</Filter>
    </ClCompile>
    <ClCompile Include="demo_c320.cpp">
      <Filter>Source Files</Filter>
    </ClCompile>
    <ClCompile Include="demo_c321.cpp">
      <Filter>Source Files</Filter>
    </ClCompile>
    <ClCompile Include="demo_c322.cpp">
      <Filter>Source Files</Filter>
    </ClCompile>
    <ClCompile Include="demo_c323.cpp">
      <Filter>Source Files</Filter>
    </ClCompile>
    <ClCompile Include="demo_c324.cpp">
      <Filter>Source Files</Filter>
    </ClCompile>
    <ClCompile Include="demo_c325.cpp">
      <Filter>Source Files</Filter>
    </ClCompile>
    <ClCompile Include="demo_c326.cpp">
      <Filter>Source Files</Filter>
    </ClCompile>
    <ClCompile Include="demo_c327.cpp">
      <Filter>Source Files</Filter>
    </ClCompile>
    <ClCompile Include="demo_c328.cpp">
      <Filter>Source Files</Filter>
    </ClCompile>
    <ClCompile Include="demo_c329.cpp">
      <Filter>Source Files</Filter>
    </ClCompile>
    <ClCompile Include="demo_c33.cpp">
      <Filter>Source Files</Filter>
    </ClCompile>
    <ClCompile Include="demo_c330.cpp">
      <Filter>Source Files</Filter>
    </ClCompile>
    <ClCompile Include="demo_c331.cpp">
      <Filter>Source Files</Filter>
    </ClCompile>
    <ClCompile Include="demo_c332.cpp">
      <Filter>Source Files</Filter>
    </ClCompile>
    <ClCompile Include="demo_c333.cpp">
      <Filter>Source Files</Filter>
    </ClCompile>
    <ClCompile Include="demo_c334.cpp">
      <Filter>Source Files</Filter>
    </ClCompile>
    <ClCompile Include="demo_c335.cpp">
      <Filter>Source Files</Filter>
    </ClCompile>
    <ClCompile Include="demo_c336.cpp">
      <Filter>Source Files</Filter>
    </ClCompile>
    <ClCompile Include="demo_c337.cpp">
      <Filter>Source Files</Filter>
    </ClCompile>
    <ClCompile Include="demo_c338.cpp">
      <Filter>Source Files</Filter>
    </ClCompile>
    <ClCompile Include="demo_c339.cpp">
      <Filter>Source Files</Filter>
    </ClCompile>
    <ClCompile Include="demo_c34.cpp">
      <Filter>Source Files</Filter>
    </ClCompile>
    <ClCompile Include="demo_c340.cpp">
      <Filter>Source Files</Filter>
    </ClCompile>
    <ClCompile Include="demo_c341.cpp">
      <Filter>Source Files</Filter>
    </ClCompile>
    <ClCompile Include="demo_c342.cpp">
      <Filter>Source Files</Filter>
    </ClCompile>
    <ClCompile Include="demo_c343.cpp">
      <Filter>Source Files</Filter>
    </ClCompile>
    <ClCompile Include="demo_c344.cpp">
      <Filter>Source Files</Filter>
    </ClCompile>
    <ClCompile Include="demo_c345.cpp">
      <Filter>Source Files</Filter>
    </ClCompile>
    <ClCompile Include="demo_c346.cpp">
      <Filter>Source Files</Filter>
    </ClCompile>
    <ClCompile Include="demo_c347.cpp">
      <Filter>Source Files</Filter>
    </ClCompile>
    <ClCompile Include="demo_c348.cpp">
      <Filter>Source Files</Filter>
    </ClCompile>
    <ClCompile Include="demo_c349.cpp">
      <Filter>Source Files</Filter>
    </ClCompile>
    <ClCompile Include="demo_c35.cpp">
      <Filter>Source Files</Filter>
    </ClCompile>
    <ClCompile Include="demo_c350.cpp">
      <Filter>Source Files</Filter>
    </ClCompile>
    <ClCompile Include="demo_c351.cpp">
      <Filter>Source Files</Filter>
    </ClCompile>
    <ClCompile Include="demo_c352.cpp">
      <Filter>Source Files</Filter>
    </ClCompile>
    <ClCompile Include="demo_c353.cpp">
      <Filter>Source Files</Filter>
    </ClCompile>
    <ClCompile Include="demo_c354.cpp">
      <Filter>Source Files</Filter>
    </ClCompile>
    <ClCompile Include="demo_c355.cpp">
      <Filter>Source Files</Filter>
    </ClCompile>
    <ClCompile Include="demo_c356.cpp">
      <Filter>Source Files</Filter>
    </ClCompile>
    <ClCompile Include="demo_c357.cpp">
      <Filter>Source Files</Filter>
    </ClCompile>
    <ClCompile Include="demo_c358.cpp">
      <Filter>Source Files</Filter>
    </ClCompile>
    <ClCompile Include="demo_c359.cpp">
      <Filter>Source Files</Filter>
    </ClCompile>
    <ClCompile Include="demo_c36.cpp">
      <Filter>Source Files</Filter>
    </ClCompile>
    <ClCompile Include="demo_c360.cpp">
      <Filter>Source Files</Filter>
    </ClCompile>
    <ClCompile Include="demo_c361.cpp">
      <Filter>Source Files</Filter>
    </ClCompile>
    <ClCompile Include="demo_c362.cpp">
      <Filter>Source Files</Filter>
    </ClCompile>
    <ClCompile Include="demo_c363.cpp">
      <Filter>Source Files</Filter>
    </ClCompile>
    <ClCompile Include="demo_c364.cpp">
      <Filter>Source Files</Filter>
    </ClCompile>
    <ClCompile Include="demo_c365.cpp">
      <Filter>Source Files</Filter>
    </ClCompile>
    <ClCompile Include="demo_c366.cpp">
      <Filter>Source Files</Filter>
    </ClCompile>
    <ClCompile Include="demo_c367.cpp">
      <Filter>Source Files</Filter>
    </ClCompile>
    <ClCompile Include="demo_c368.cpp">
      <Filter>Source Files</Filter>
    </ClCompile>
    <ClCompile Include="demo_c369.cpp">
      <Filter>Source Files</Filter>
    </ClCompile>
    <ClCompile Include="demo_c37.cpp">
      <Filter>Source Files</Filter>
    </ClCompile>
    <ClCompile Include="demo_c370.cpp">
      <Filter>Source Files</Filter>
    </ClCompile>
    <ClCompile Include="demo_c371.cpp">
      <Filter>Source Files</Filter>
    </ClCompile>
    <ClCompile Include="demo_c372.cpp">
      <Filter>Source Files</Filter>
    </ClCompile>
    <ClCompile Include="demo_c373.cpp">
      <Filter>Source Files</Filter>
    </ClCompile>
    <ClCompile Include="demo_c374.cpp">
      <Filter>Source Files</Filter>
    </ClCompile>
    <ClCompile Include="demo_c375.cpp">
      <Filter>Source Files</Filter>
    </ClCompile>
    <ClCompile Include="demo_c376.cpp">
      <Filter>Source Files</Filter>
    </ClCompile>
    <ClCompile Include="demo_c377.cpp">
      <Filter>Source Files</Filter>
    </ClCompile>
    <ClCompile Include="demo_c378.cpp">
      <Filter>Source Files</Filter>
    </ClCompile>
    <ClCompile Include="demo_c379.cpp">
      <Filter>Source Files</Filter>
    </ClCompile>
    <ClCompile Include="demo_c38.cpp">
      <Filter>Source Files</Filter>
    </ClCompile>
    <ClCompile Include="demo_c380.cpp">
      <Filter>Source Files</Filter>
    </ClCompile>
    <ClCompile Include="demo_c381.cpp">
      <Filter>Source Files</Filter>
    </ClCompile>
    <ClCompile Include="demo_c382.cpp">
      <Filter>Source Files</Filter>
    </ClCompile>
    <ClCompile Include="demo_c383.cpp">
      <Filter>Source Files</Filter>
    </ClCompile>
    <ClCompile Include="demo_c384.cpp">
      <Filter>Source Files</Filter>
    </ClCompile>
    <ClCompile Include="demo_c385.cpp">
      <Filter>Source Files</Filter>
    </ClCompile>
    <ClCompile Include="demo_c386.cpp">
      <Filter>Source Files</Filter>
    </ClCompile>
    <ClCompile Include="demo_c387.cpp">
      <Filter>Source Files</Filter>
    </ClCompile>
    <ClCompile Include="demo_c388.cpp">
      <Filter>Source Files</Filter>
    </ClCompile>
    <ClCompile Include="demo_c389.cpp">
      <Filter>Source Files</Filter>
    </ClCompile>
    <ClCompile Include="demo_c39.cpp">
      <Filter>Source Files</Filter>
    </ClCompile>
    <ClCompile Include="demo_c390.cpp">
      <Filter>Source Files</Filter>
    </ClCompile>
    <ClCompile Include="demo_c391.cpp">
      <Filter>Source Files</Filter>
    </ClCompile>
    <ClCompile Include="demo_c392.cpp">
      <Filter>Source Files</Filter>
    </ClCompile>
    <ClCompile Include="demo_c393.cpp">
      <Filter>Source Files</Filter>
    </ClCompile>
    <ClCompile Include="demo_c394.cpp">
      <Filter>Source Files</Filter>
    </ClCompile>
    <ClCompile Include="demo_c395.cpp">
      <Filter>Source Files</Filter>
    </ClCompile>
    <ClCompile Include="demo_c396.cpp">
      <Filter>Source Files</Filter>
    </ClCompile>
    <ClCompile Include="demo_c397.cpp">
      <Filter>Source Files</Filter>
    </ClCompile>
    <ClCompile Include="demo_c398.cpp">
      <Filter>Source Files</Filter>
    </ClCompile>
    <ClCompile Include="demo_c399.cpp">
      <Filter>Source Files</Filter>
    </ClCompile>
    <ClCompile Include="demo_c4.cpp">
      <Filter>Source Files</Filter>
    </ClCompile>
    <ClCompile Include="demo_c40.cpp">
      <Filter>Source Files</Filter>
    </ClCompile>
    <ClCompile Include="demo_c400.cpp">
      <Filter>Source Files</Filter>
    </ClCompile>
    <ClCompile Include="demo_c401.cpp">
      <Filter>Source Files</Filter>
    </ClCompile>
    <ClCompile Include="demo_c402.cpp">
      <Filter>Source Files</Filter>
    </ClCompile>
    <ClCompile Include="demo_c403.cpp">
      <Filter>Source Files</Filter>
    </ClCompile>
    <ClCompile Include="demo_c404.cpp">
      <Filter>Source Files</Filter>
    </ClCompile>
    <ClCompile Include="demo_c405.cpp">
      <Filter>Source Files</Filter>
    </ClCompile>
    <ClCompile Include="demo_c406.cpp">
      <Filter>Source Files</Filter>
    </ClCompile>
    <ClCompile Include="demo_c407.cpp">
      <Filter>Source Files</Filter>
    </ClCompile>
    <ClCompile Include="demo_c408.cpp">
      <Filter>Source Files</Filter>
    </ClCompile>
    <ClCompile Include="demo_c409.cpp">
      <Filter>Source Files</Filter>
    </ClCompile>
    <ClCompile Include="demo_c41.cpp">
      <Filter>Source Files</Filter>
    </ClCompile>
    <ClCompile Include="demo_c410.cpp">
      <Filter>Source Files</Filter>
    </ClCompile>
    <ClCompile Include="demo_c411.cpp">
      <Filter>Source Files</Filter>
    </ClCompile>
    <ClCompile Include="demo_c412.cpp">
      <Filter>Source Files</Filter>
    </ClCompile>
    <ClCompile Include="demo_c413.cpp">
      <Filter>Source Files</Filter>
    </ClCompile>
    <ClCompile Include="demo_c414.cpp">
      <Filter>Source Files</Filter>
    </ClCompile>
    <ClCompile Include="demo_c415.cpp">
      <Filter>Source Files</Filter>
    </ClCompile>
    <ClCompile Include="demo_c416.cpp">
      <Filter>Source Files</Filter>
    </ClCompile>
    <ClCompile Include="demo_c417.cpp">
      <Filter>Source Files</Filter>
    </ClCompile>
    <ClCompile Include="demo_c418.cpp">
      <Filter>Source Files</Filter>
    </ClCompile>
    <ClCompile Include="demo_c419.cpp">
      <Filter>Source Files</Filter>
    </ClCompile>
    <ClCompile Include="demo_c42.cpp">
      <Filter>Source Files</Filter>
    </ClCompile>
    <ClCompile Include="demo_c420.cpp">
      <Filter>Source Files</Filter>
    </ClCompile>
    <ClCompile Include="demo_c421.cpp">
      <Filter>Source Files</Filter>
    </ClCompile>
    <ClCompile Include="demo_c422.cpp">
      <Filter>Source Files</Filter>
    </ClCompile>
    <ClCompile Include="demo_c423.cpp">
      <Filter>Source Files</Filter>
    </ClCompile>
    <ClCompile Include="demo_c424.cpp">
      <Filter>Source Files</Filter>
    </ClCompile>
    <ClCompile Include="demo_c425.cpp">
      <Filter>Source Files</Filter>
    </ClCompile>
    <ClCompile Include="demo_c426.cpp">
      <Filter>Source Files</Filter>
    </ClCompile>
    <ClCompile Include="demo_c427.cpp">
      <Filter>Source Files</Filter>
    </ClCompile>
    <ClCompile Include="demo_c428.cpp">
      <Filter>Source Files</Filter>
    </ClCompile>
    <ClCompile Include="demo_c429.cpp">
      <Filter>Source Files</Filter>
    </ClCompile>
    <ClCompile Include="demo_c43.cpp">
      <Filter>Source Files</Filter>
    </ClCompile>
    <ClCompile Include="demo_c430.cpp">
      <Filter>Source Files</Filter>
    </ClCompile>
    <ClCompile Include="demo_c431.cpp">
      <Filter>Source Files</Filter>
    </ClCompile>
    <ClCompile Include="demo_c432.cpp">
      <Filter>Source Files</Filter>
    </ClCompile>
    <ClCompile Include="demo_c433.cpp">
      <Filter>Source Files</Filter>
    </ClCompile>
    <ClCompile Include="demo_c434.cpp">
      <Filter>Source Files</Filter>
    </ClCompile>
    <ClCompile Include="demo_c435.cpp">
      <Filter>Source Files</Filter>
    </ClCompile>
    <ClCompile Include="demo_c436.cpp">
      <Filter>Source Files</Filter>
    </ClCompile>
    <ClCompile Include="demo_c437.cpp">
      <Filter>Source Files</Filter>
    </ClCompile>
    <ClCompile Include="demo_c438.cpp">
      <Filter>Source Files</Filter>
    </ClCompile>
    <ClCompile Include="demo_c439.cpp">
      <Filter>Source Files</Filter>
    </ClCompile>
    <ClCompile Include="demo_c44.cpp">
      <Filter>Source Files</Filter>
    </ClCompile>
    <ClCompile Include="demo_c440.cpp">
      <Filter>Source Files</Filter>
    </ClCompile>
    <ClCompile Include="demo_c441.cpp">
      <Filter>Source Files</Filter>
    </ClCompile>
    <ClCompile Include="demo_c442.cpp">
      <Filter>Source Files</Filter>
    </ClCompile>
    <ClCompile Include="demo_c443.cpp">
      <Filter>Source Files</Filter>
    </ClCompile>
    <ClCompile Include="demo_c444.cpp">
      <Filter>Source Files</Filter>
    </ClCompile>
    <ClCompile Include="demo_c445.cpp">
      <Filter>Source Files</Filter>
    </ClCompile>
    <ClCompile Include="demo_c446.cpp">
      <Filter>Source Files</Filter>
    </ClCompile>
    <ClCompile Include="demo_c447.cpp">
      <Filter>Source Files</Filter>
    </ClCompile>
    <ClCompile Include="demo_c448.cpp">
      <Filter>Source Files</Filter>
    </ClCompile>
    <ClCompile Include="demo_c449.cpp">
      <Filter>Source Files</Filter>
    </ClCompile>
    <ClCompile Include="demo_c45.cpp">
      <Filter>Source Files</Filter>
    </ClCompile>
    <ClCompile Include="demo_c450.cpp">
      <Filter>Source Files</Filter>
    </ClCompile>
    <ClCompile Include="demo_c451.cpp">
      <Filter>Source Files</Filter>
    </ClCompile>
    <ClCompile Include="demo_c452.cpp">
      <Filter>Source Files</Filter>
    </ClCompile>
    <ClCompile Include="demo_c453.cpp">
      <Filter>Source Files</Filter>
    </ClCompile>
    <ClCompile Include="demo_c454.cpp">
      <Filter>Source Files</Filter>
    </ClCompile>
    <ClCompile Include="demo_c455.cpp">
      <Filter>Source Files</Filter>
    </ClCompile>
    <ClCompile Include="demo_c456.cpp">
      <Filter>Source Files</Filter>
    </ClCompile>
    <ClCompile Include="demo_c457.cpp">
      <Filter>Source Files</Filter>
    </ClCompile>
    <ClCompile Include="demo_c458.cpp">
      <Filter>Source Files</Filter>
    </ClCompile>
    <ClCompile Include="demo_c459.cpp">
      <Filter>Source Files</Filter>
    </ClCompile>
    <ClCompile Include="demo_c46.cpp">
      <Filter>Source Files</Filter>
    </ClCompile>
    <ClCompile Include="demo_c460.cpp">
      <Filter>Source Files</Filter>
    </ClCompile>
    <ClCompile Include="demo_c461.cpp">
      <Filter>Source Files</Filter>
    </ClCompile>
    <ClCompile Include="demo_c462.cpp">
      <Filter>Source Files</Filter>
    </ClCompile>
    <ClCompile Include="demo_c463.cpp">
      <Filter>Source Files</Filter>
    </ClCompile>
    <ClCompile Include="demo_c464.cpp">
      <Filter>Source Files</Filter>
    </ClCompile>
    <ClCompile Include="demo_c465.cpp">
      <Filter>Source Files</Filter>
    </ClCompile>
    <ClCompile Include="demo_c466.cpp">
      <Filter>Source Files</Filter>
    </ClCompile>
    <ClCompile Include="demo_c467.cpp">
      <Filter>Source Files</Filter>
    </ClCompile>
    <ClCompile Include="demo_c468.cpp">
      <Filter>Source Files</Filter>
    </ClCompile>
    <ClCompile Include="demo_c469.cpp">
      <Filter>Source Files</Filter>
    </ClCompile>
    <ClCompile Include="demo_c47.cpp">
      <Filter>Source Files</Filter>
    </ClCompile>
    <ClCompile Include="demo_c470.cpp">
      <Filter>Source Files</Filter>
    </ClCompile>
    <ClCompile Include="demo_c471.cpp">
      <Filter>Source Files</Filter>
    </ClCompile>
    <ClCompile Include="demo_c472.cpp">
      <Filter>Source Files</Filter>
    </ClCompile>
    <ClCompile Include="demo_c473.cpp">
      <Filter>Source Files</Filter>
    </ClCompile>
    <ClCompile Include="demo_c474.cpp">
      <Filter>Source Files</Filter>
    </ClCompile>
    <ClCompile Include="demo_c475.cpp">
      <Filter>Source Files</Filter>
    </ClCompile>
    <ClCompile Include="demo_c476.cpp">
      <Filter>Source Files</Filter>
    </ClCompile>
    <ClCompile Include="demo_c477.cpp">
      <Filter>Source Files</Filter>
    </ClCompile>
    <ClCompile Include="demo_c478.cpp">
      <Filter>Source Files</Filter>
    </ClCompile>
    <ClCompile Include="demo_c479.cpp">
      <Filter>Source Files</Filter>
    </ClCompile>
    <ClCompile Include="demo_c48.cpp">
      <Filter>Source Files</Filter>
    </ClCompile>
    <ClCompile Include="demo_c480.cpp">
      <Filter>Source Files</Filter>
    </ClCompile>
    <ClCompile Include="demo_c481.cpp">
      <Filter>Source Files</Filter>
    </ClCompile>
    <ClCompile Include="demo_c482.cpp">
      <Filter>Source Files</Filter>
    </ClCompile>
    <ClCompile Include="demo_c483.cpp">
      <Filter>Source Files</Filter>
    </ClCompile>
    <ClCompile Include="demo_c484.cpp">
      <Filter>Source Files</Filter>
    </ClCompile>
    <ClCompile Include="demo_c485.cpp">
      <Filter>Source Files</Filter>
    </ClCompile>
    <ClCompile Include="demo_c486.cpp">
      <Filter>Source Files</Filter>
    </ClCompile>
    <ClCompile Include="demo_c487.cpp">
      <Filter>Source Files</Filter>
    </ClCompile>
    <ClCompile Include="demo_c488.cpp">
      <Filter>Source Files</Filter>
    </ClCompile>
    <ClCompile Include="demo_c489.cpp">
      <Filter>Source Files</Filter>
    </ClCompile>
    <ClCompile Include="demo_c49.cpp">
      <Filter>Source Files</Filter>
    </ClCompile>
    <ClCompile Include="demo_c490.cpp">
      <Filter>Source Files</Filter>
    </ClCompile>
    <ClCompile Include="demo_c491.cpp">
      <Filter>Source Files</Filter>
    </ClCompile>
    <ClCompile Include="demo_c492.cpp">
      <Filter>Source Files</Filter>
    </ClCompile>
    <ClCompile Include="demo_c493.cpp">
      <Filter>Source Files</Filter>
    </ClCompile>
    <ClCompile Include="demo_c494.cpp">
      <Filter>Source Files</Filter>
    </ClCompile>
    <ClCompile Include="demo_c495.cpp">
      <Filter>Source Files</Filter>
    </ClCompile>
    <ClCompile Include="demo_c496.cpp">
      <Filter>Source Files</Filter>
    </ClCompile>
    <ClCompile Include="demo_c497.cpp">
      <Filter>Source Files</Filter>
    </ClCompile>
    <ClCompile Include="demo_c498.cpp">
      <Filter>Source Files</Filter>
    </ClCompile>
    <ClCompile Include="demo_c499.cpp">
      <Filter>Source Files</Filter>
    </ClCompile>
    <ClCompile Include="demo_c5.cpp">
      <Filter>Source Files</Filter>
    </ClCompile>
    <ClCompile Include="demo_c50.cpp">
      <Filter>Source Files</Filter>
    </ClCompile>
    <ClCompile Include="demo_c500.cpp">
      <Filter>Source Files</Filter>
    </ClCompile>
    <ClCompile Include="demo_c51.cpp">
      <Filter>Source Files</Filter>
    </ClCompile>
    <ClCompile Include="demo_c52.cpp">
      <Filter>Source Files</Filter>
    </ClCompile>
    <ClCompile Include="demo_c53.cpp">
      <Filter>Source Files</Filter>
    </ClCompile>
    <ClCompile Include="demo_c54.cpp">
      <Filter>Source Files</Filter>
    </ClCompile>
    <ClCompile Include="demo_c55.cpp">
      <Filter>Source Files</Filter>
    </ClCompile>
    <ClCompile Include="demo_c56.cpp">
      <Filter>Source Files</Filter>
    </ClCompile>
    <ClCompile Include="demo_c57.cpp">
      <Filter>Source Files</Filter>
    </ClCompile>
    <ClCompile Include="demo_c58.cpp">
      <Filter>Source Files</Filter>
    </ClCompile>
    <ClCompile Include="demo_c59.cpp">
      <Filter>Source Files</Filter>
    </ClCompile>
    <ClCompile Include="demo_c6.cpp">
      <Filter>Source Files</Filter>
    </ClCompile>
    <ClCompile Include="demo_c60.cpp">
      <Filter>Source Files</Filter>
    </ClCompile>
    <ClCompile Include="demo_c61.cpp">
      <Filter>Source Files</Filter>
    </ClCompile>
    <ClCompile Include="demo_c62.cpp">
      <Filter>Source Files</Filter>
    </ClCompile>
    <ClCompile Include="demo_c63.cpp">
      <Filter>Source Files</Filter>
    </ClCompile>
    <ClCompile Include="demo_c64.cpp">
      <Filter>Source Files</Filter>
    </ClCompile>
    <ClCompile Include="demo_c65.cpp">
      <Filter>Source Files</Filter>
    </ClCompile>
    <ClCompile Include="demo_c66.cpp">
      <Filter>Source Files</Filter>
    </ClCompile>
    <ClCompile Include="demo_c67.cpp">
      <Filter>Source Files</Filter>
    </ClCompile>
    <ClCompile Include="demo_c68.cpp">
      <Filter>Source Files</Filter>
    </ClCompile>
    <ClCompile Include="demo_c69.cpp">
      <Filter>Source Files</Filter>
    </ClCompile>
    <ClCompile Include="demo_c7.cpp">
      <Filter>Source Files</Filter>
    </ClCompile>
    <ClCompile Include="demo_c70.cpp">
      <Filter>Source Files</Filter>
    </ClCompile>
    <ClCompile Include="demo_c71.cpp">
      <Filter>Source Files</Filter>
    </ClCompile>
    <ClCompile Include="demo_c72.cpp">
      <Filter>Source Files</Filter>
    </ClCompile>
    <ClCompile Include="demo_c73.cpp">
      <Filter>Source Files</Filter>
    </ClCompile>
    <ClCompile Include="demo_c74.cpp">
      <Filter>Source Files</Filter>
    </ClCompile>
    <ClCompile Include="demo_c75.cpp">
      <Filter>Source Files</Filter>
    </ClCompile>
    <ClCompile Include="demo_c76.cpp">
      <Filter>Source Files</Filter>
    </ClCompile>
    <ClCompile Include="demo_c77.cpp">
      <Filter>Source Files</Filter>
    </ClCompile>
    <ClCompile Include="demo_c78.cpp">
      <Filter>Source Files</Filter>
    </ClCompile>
    <ClCompile Include="demo_c79.cpp">
      <Filter>Source Files</Filter>
    </ClCompile>
    <ClCompile Include="demo_c8.cpp">
      <Filter>Source Files</Filter>
    </ClCompile>
    <ClCompile Include="demo_c80.cpp">
      <Filter>Source Files</Filter>
    </ClCompile>
    <ClCompile Include="demo_c81.cpp">
      <Filter>Source Files</Filter>
    </ClCompile>
    <ClCompile Include="demo_c82.cpp">
      <Filter>Source Files</Filter>
    </ClCompile>
    <ClCompile Include="demo_c83.cpp">
      <Filter>Source Files</Filter>
    </ClCompile>
    <ClCompile Include="demo_c84.cpp">
      <Filter>Source Files</Filter>
    </ClCompile>
    <ClCompile Include="demo_c85.cpp">
      <Filter>Source Files</Filter>
    </ClCompile>
    <ClCompile Include="demo_c86.cpp">
      <Filter>Source Files</Filter>
    </ClCompile>
    <ClCompile Include="demo_c87.cpp">
      <Filter>Source Files</Filter>
    </ClCompile>
    <ClCompile Include="demo_c88.cpp">
      <Filter>Source Files</Filter>
    </ClCompile>
    <ClCompile Include="demo_c89.cpp">
      <Filter>Source Files</Filter>
    </ClCompile>
    <ClCompile Include="demo_c9.cpp">
      <Filter>Source Files</Filter>
    </ClCompile>
    <ClCompile Include="demo_c90.cpp">
      <Filter>Source Files</Filter>
    </ClCompile>
    <ClCompile Include="demo_c91.cpp">
      <Filter>Source Files</Filter>
    </ClCompile>
    <ClCompile Include="demo_c92.cpp">
      <Filter>Source Files</Filter>
    </ClCompile>
    <ClCompile Include="demo_c93.cpp">
      <Filter>Source Files</Filter>
    </ClCompile>
    <ClCompile Include="demo_c94.cpp">
      <Filter>Source Files</Filter>
    </ClCompile>
    <ClCompile Include="demo_c95.cpp">
      <Filter>Source Files</Filter>
    </ClCompile>
    <ClCompile Include="demo_c96.cpp">
      <Filter>Source Files</Filter>
    </ClCompile>
    <ClCompile Include="demo_c97.cpp">
      <Filter>Source Files</Filter>
    </ClCompile>
    <ClCompile Include="demo_c98.cpp">
      <Filter>Source Files</Filter>
    </ClCompile>
    <ClCompile Include="demo_c99.cpp">
      <Filter>Source Files</Filter>
    </ClCompile>
  </ItemGroup>
</Project>